
Microsoft Visual Studio Solution File, Format Version 12.00
# Visual Studio Version 17
VisualStudioVersion = 17.0.32126.317
MinimumVisualStudioVersion = 10.0.40219.1
Project("{9A19103F-16F7-4668-BE54-9A1E7A4F7556}") = "PaymentGatewayWebApp", "PaymentGatewayWebApp\PaymentGatewayWebApp.csproj", "{7F6AC10B-A021-465A-BAFE-FA2647671F7C}"
EndProject
Project("{9A19103F-16F7-4668-BE54-9A1E7A4F7556}") = "PaymentGatewayService", "PaymentGatewayService\PaymentGatewayService.csproj", "{3DC24EAB-652B-4CB5-8B0A-B97A07692480}"
EndProject
Project("{9A19103F-16F7-4668-BE54-9A1E7A4F7556}") = "PaymentGatewayWebApi", "PaymentGatewayWebApi\PaymentGatewayWebApi.csproj", "{70C94C87-4A74-439B-A581-E1248C5390D5}"
EndProject
Project("{FAE04EC0-301F-11D3-BF4B-00C04F79EFBC}") = "PaymentGatewayUnitTest", "PaymentGatewayUnitTest\PaymentGatewayUnitTest.csproj", "{8701F0BC-A30B-4F9C-95BB-134F96C65017}"
EndProject
Global
	GlobalSection(SolutionConfigurationPlatforms) = preSolution
		Debug|Any CPU = Debug|Any CPU
		Release|Any CPU = Release|Any CPU
	EndGlobalSection
	GlobalSection(ProjectConfigurationPlatforms) = postSolution
		{7F6AC10B-A021-465A-BAFE-FA2647671F7C}.Debug|Any CPU.ActiveCfg = Debug|Any CPU
		{7F6AC10B-A021-465A-BAFE-FA2647671F7C}.Debug|Any CPU.Build.0 = Debug|Any CPU
		{7F6AC10B-A021-465A-BAFE-FA2647671F7C}.Release|Any CPU.ActiveCfg = Release|Any CPU
		{7F6AC10B-A021-465A-BAFE-FA2647671F7C}.Release|Any CPU.Build.0 = Release|Any CPU
		{3DC24EAB-652B-4CB5-8B0A-B97A07692480}.Debug|Any CPU.ActiveCfg = Debug|Any CPU
		{3DC24EAB-652B-4CB5-8B0A-B97A07692480}.Debug|Any CPU.Build.0 = Debug|Any CPU
		{3DC24EAB-652B-4CB5-8B0A-B97A07692480}.Release|Any CPU.ActiveCfg = Release|Any CPU
		{3DC24EAB-652B-4CB5-8B0A-B97A07692480}.Release|Any CPU.Build.0 = Release|Any CPU
		{70C94C87-4A74-439B-A581-E1248C5390D5}.Debug|Any CPU.ActiveCfg = Debug|Any CPU
		{70C94C87-4A74-439B-A581-E1248C5390D5}.Debug|Any CPU.Build.0 = Debug|Any CPU
		{70C94C87-4A74-439B-A581-E1248C5390D5}.Release|Any CPU.ActiveCfg = Release|Any CPU
		{70C94C87-4A74-439B-A581-E1248C5390D5}.Release|Any CPU.Build.0 = Release|Any CPU
		{8701F0BC-A30B-4F9C-95BB-134F96C65017}.Debug|Any CPU.ActiveCfg = Debug|Any CPU
		{8701F0BC-A30B-4F9C-95BB-134F96C65017}.Debug|Any CPU.Build.0 = Debug|Any CPU
		{8701F0BC-A30B-4F9C-95BB-134F96C65017}.Release|Any CPU.ActiveCfg = Release|Any CPU
		{8701F0BC-A30B-4F9C-95BB-134F96C65017}.Release|Any CPU.Build.0 = Release|Any CPU
	EndGlobalSection
	GlobalSection(SolutionProperties) = preSolution
		HideSolutionNode = FALSE
	EndGlobalSection
	GlobalSection(ExtensibilityGlobals) = postSolution
		SolutionGuid = {7ABEB63E-6ABD-470D-9A71-9EE929F8233F}
	EndGlobalSection
EndGlobal
